
Microsoft Visual Studio Solution File, Format Version 12.00
# Visual Studio Version 17
VisualStudioVersion = 17.14.36518.9 d17.14
MinimumVisualStudioVersion = 10.0.40219.1
Project("{FAE04EC0-301F-11D3-BF4B-00C04F79EFBC}") = "Pulse01", "Pulse01\Pulse01.csproj", "{BCC257BF-98BF-4AA1-93ED-86F3B11168ED}"
EndProject
Global
	GlobalSection(SolutionConfigurationPlatforms) = preSolution
		Debug|Any CPU = Debug|Any CPU
		Release|Any CPU = Release|Any CPU
	EndGlobalSection
	GlobalSection(ProjectConfigurationPlatforms) = postSolution
		{BCC257BF-98BF-4AA1-93ED-86F3B11168ED}.Debug|Any CPU.ActiveCfg = Debug|Any CPU
		{BCC257BF-98BF-4AA1-93ED-86F3B11168ED}.Debug|Any CPU.Build.0 = Debug|Any CPU
		{BCC257BF-98BF-4AA1-93ED-86F3B11168ED}.Release|Any CPU.ActiveCfg = Release|Any CPU
		{BCC257BF-98BF-4AA1-93ED-86F3B11168ED}.Release|Any CPU.Build.0 = Release|Any CPU
	EndGlobalSection
	GlobalSection(SolutionProperties) = preSolution
		HideSolutionNode = FALSE
	EndGlobalSection
	GlobalSection(ExtensibilityGlobals) = postSolution
		SolutionGuid = {10058C41-C55A-4793-B7A7-5B58D3E67873}
	EndGlobalSection
EndGlobal
